{
   "requires": true,
   "lockfileVersion": 1,
   "dependencies": {
      "nswag": {
         "version": "12.0.0",
         "resolved": "https://registry.npmjs.org/nswag/-/nswag-12.0.0.tgz",
         "integrity": "sha512-+LTAAuc8OQ+8x3tQaiLv3vv8f0pgSNFDJZsj2mtrNgOH7UQVqkCROQKvXdYlfGC0/ravfXINxznv7uz6sL79Jg==",
         "dev": true
      }
   }
}
